{
    "_readme": [
        "This file locks the dependencies of your project to a known state",
        "Read more about it at https://getcomposer.org/doc/01-basic-usage.md#composer-lock-the-lock-file",
        "This file is @generated automatically"
    ],
    "content-hash": "84f6e17a0cd6e1a4572d421e3084e3ac",
    "packages": [
        {
            "name": "devuri/wp-admin-page",
            "version": "1.1.5",
            "source": {
                "type": "git",
                "url": "https://github.com/devuri/wp-admin-page.git",
                "reference": "bbe8fc134ec0b59a84e6d259fa913688ed597d3a"
            },
            "dist": {
                "type": "zip",
                "url": "https://api.github.com/repos/devuri/wp-admin-page/zipball/bbe8fc134ec0b59a84e6d259fa913688ed597d3a",
                "reference": "bbe8fc134ec0b59a84e6d259fa913688ed597d3a",
                "shasum": ""
            },
            "require": {
                "php": ">=5.6"
            },
            "type": "library",
            "autoload": {
                "psr-4": {
                    "WPAdminPage\\": "src"
                }
            },
            "notification-url": "https://packagist.org/downloads/",
            "license": [
                "GPL-2.0"
            ],
            "authors": [
                {
                    "name": "Uriel Wilson",
                    "email": "hello@urielwilson.com"
                }
            ],
            "description": "WP Admin Page is Quick and Easy way to build out Admin Menu Pages For WordPress",
            "homepage": "https://github.com/devuri",
            "keywords": [
                "admin",
                "wordpress",
                "wp"
            ],
            "time": "2020-05-22T01:13:20+00:00"
        }
    ],
    "packages-dev": [],
    "aliases": [],
    "minimum-stability": "stable",
    "stability-flags": [],
    "prefer-stable": false,
    "prefer-lowest": false,
    "platform": [],
    "platform-dev": []
}
